PODS:
  - HXLame (0.1.0):
    - HXLame/lame (= 0.1.0)
  - HXLame/lame (0.1.0)

DEPENDENCIES:
  - HXLame (from `../`)

EXTERNAL SOURCES:
  HXLame:
    :path: "../"

SPEC CHECKSUMS:
  HXLame: 4ce6b59eb79463b0075c5caa545e07f29355f737

PODFILE CHECKSUM: 73754fa82eb61cf686f93b10b56e3a2185c27277

COCOAPODS: 1.5.3
